
Microsoft Visual Studio Solution File, Format Version 12.00
# Visual Studio Version 17
VisualStudioVersion = 17.6.33829.357
MinimumVisualStudioVersion = 10.0.40219.1
Project("{2150E333-8FDC-42A3-9474-1A3956D46DE8}") = "Solution Items", "Solution Items", "{51A06F93-E779-4A8F-89DE-8CB4D39808E9}"
	ProjectSection(SolutionItems) = preProject
		.editorconfig = .editorconfig
		Novidades C#.pdf = Novidades C#.pdf
	EndProjectSection
EndProject
Project("{FAE04EC0-301F-11D3-BF4B-00C04F79EFBC}") = "Features08", "Features8\Features08.csproj", "{FA87FBF8-65D4-42D2-8BC8-E0F521B4935E}"
EndProject
Project("{FAE04EC0-301F-11D3-BF4B-00C04F79EFBC}") = "Features09", "Features9\Features09.csproj", "{2422EC1C-F2EB-428A-B7F8-5605F288416C}"
EndProject
Project("{FAE04EC0-301F-11D3-BF4B-00C04F79EFBC}") = "Features10", "Features10\Features10.csproj", "{CF9BE606-5442-4E38-8685-5120F3042128}"
EndProject
Project("{FAE04EC0-301F-11D3-BF4B-00C04F79EFBC}") = "Features11", "Features11\Features11.csproj", "{D28F4D73-CCC7-478F-A54F-66F8F68E842C}"
EndProject
Project("{FAE04EC0-301F-11D3-BF4B-00C04F79EFBC}") = "Features12", "Features12\Features12.csproj", "{2E611F3D-924D-4531-844C-B0C92CF8F697}"
EndProject
Project("{FAE04EC0-301F-11D3-BF4B-00C04F79EFBC}") = "Features13", "Features13\Features13.csproj", "{A99529CF-BF87-4B87-86EC-7304BC704A14}"
EndProject
Project("{2150E333-8FDC-42A3-9474-1A3956D46DE8}") = "Itens de Solução", "Itens de Solução", "{C8F4F501-632C-4ACD-95A4-C48045FCF736}"
	ProjectSection(SolutionItems) = preProject
		Features10\Recursos\GlobalUsing.cs = Features10\Recursos\GlobalUsing.cs
	EndProjectSection
EndProject
Global
	GlobalSection(SolutionConfigurationPlatforms) = preSolution
		Debug|Any CPU = Debug|Any CPU
		Release|Any CPU = Release|Any CPU
	EndGlobalSection
	GlobalSection(ProjectConfigurationPlatforms) = postSolution
		{FA87FBF8-65D4-42D2-8BC8-E0F521B4935E}.Debug|Any CPU.ActiveCfg = Debug|Any CPU
		{FA87FBF8-65D4-42D2-8BC8-E0F521B4935E}.Debug|Any CPU.Build.0 = Debug|Any CPU
		{FA87FBF8-65D4-42D2-8BC8-E0F521B4935E}.Release|Any CPU.ActiveCfg = Release|Any CPU
		{FA87FBF8-65D4-42D2-8BC8-E0F521B4935E}.Release|Any CPU.Build.0 = Release|Any CPU
		{2422EC1C-F2EB-428A-B7F8-5605F288416C}.Debug|Any CPU.ActiveCfg = Debug|Any CPU
		{2422EC1C-F2EB-428A-B7F8-5605F288416C}.Debug|Any CPU.Build.0 = Debug|Any CPU
		{2422EC1C-F2EB-428A-B7F8-5605F288416C}.Release|Any CPU.ActiveCfg = Release|Any CPU
		{2422EC1C-F2EB-428A-B7F8-5605F288416C}.Release|Any CPU.Build.0 = Release|Any CPU
		{CF9BE606-5442-4E38-8685-5120F3042128}.Debug|Any CPU.ActiveCfg = Debug|Any CPU
		{CF9BE606-5442-4E38-8685-5120F3042128}.Debug|Any CPU.Build.0 = Debug|Any CPU
		{CF9BE606-5442-4E38-8685-5120F3042128}.Release|Any CPU.ActiveCfg = Release|Any CPU
		{CF9BE606-5442-4E38-8685-5120F3042128}.Release|Any CPU.Build.0 = Release|Any CPU
		{D28F4D73-CCC7-478F-A54F-66F8F68E842C}.Debug|Any CPU.ActiveCfg = Debug|Any CPU
		{D28F4D73-CCC7-478F-A54F-66F8F68E842C}.Debug|Any CPU.Build.0 = Debug|Any CPU
		{D28F4D73-CCC7-478F-A54F-66F8F68E842C}.Release|Any CPU.ActiveCfg = Release|Any CPU
		{D28F4D73-CCC7-478F-A54F-66F8F68E842C}.Release|Any CPU.Build.0 = Release|Any CPU
		{2E611F3D-924D-4531-844C-B0C92CF8F697}.Debug|Any CPU.ActiveCfg = Debug|Any CPU
		{2E611F3D-924D-4531-844C-B0C92CF8F697}.Debug|Any CPU.Build.0 = Debug|Any CPU
		{2E611F3D-924D-4531-844C-B0C92CF8F697}.Release|Any CPU.ActiveCfg = Release|Any CPU
		{2E611F3D-924D-4531-844C-B0C92CF8F697}.Release|Any CPU.Build.0 = Release|Any CPU
		{A99529CF-BF87-4B87-86EC-7304BC704A14}.Debug|Any CPU.ActiveCfg = Debug|Any CPU
		{A99529CF-BF87-4B87-86EC-7304BC704A14}.Debug|Any CPU.Build.0 = Debug|Any CPU
		{A99529CF-BF87-4B87-86EC-7304BC704A14}.Release|Any CPU.ActiveCfg = Release|Any CPU
		{A99529CF-BF87-4B87-86EC-7304BC704A14}.Release|Any CPU.Build.0 = Release|Any CPU
	EndGlobalSection
	GlobalSection(SolutionProperties) = preSolution
		HideSolutionNode = FALSE
	EndGlobalSection
	GlobalSection(ExtensibilityGlobals) = postSolution
		SolutionGuid = {62F4E177-4246-4A4C-BBF8-8B92E0A2D008}
	EndGlobalSection
EndGlobal
